
Microsoft Visual Studio Solution File, Format Version 12.00
# Visual Studio Version 16
VisualStudioVersion = 16.0.29806.167
MinimumVisualStudioVersion = 10.0.40219.1
Project("{9A19103F-16F7-4668-BE54-9A1E7A4F7556}") = "WeightWatchers.Api", "WeightWatchers.Api\WeightWatchers.Api.csproj", "{66D7640B-B0B6-40E8-8771-207AB64CC4DA}"
EndProject
Project("{9A19103F-16F7-4668-BE54-9A1E7A4F7556}") = "WeightWatchers.Data", "WeightWatchers.Data\WeightWatchers.Data.csproj", "{F847CC89-0F88-4533-A7FE-672F01C11136}"
EndProject
Project("{9A19103F-16F7-4668-BE54-9A1E7A4F7556}") = "WeightWatchers.Services", "WeightWatchers.Services\WeightWatchers.Services.csproj", "{9AB70C06-BCD7-4AF9-B2E6-8B1855F30A5A}"
EndProject
Project("{2150E333-8FDC-42A3-9474-1A3956D46DE8}") = "Subscriber", "Subscriber", "{B94BE88F-9334-49F4-B496-0A0348F35BC9}"
EndProject
Project("{2150E333-8FDC-42A3-9474-1A3956D46DE8}") = "Measure", "Measure", "{B594B0BC-98C4-4140-A9A1-E9314D8DA271}"
EndProject
Project("{9A19103F-16F7-4668-BE54-9A1E7A4F7556}") = "Measure.Data", "Measure.Data\Measure.Data.csproj", "{7AF050E4-53B5-4300-B84B-09B5F6022173}"
EndProject
Project("{9A19103F-16F7-4668-BE54-9A1E7A4F7556}") = "Measure.Api", "Measure.Api\Measure.Api.csproj", "{DB751DCD-0A0B-483C-AF8A-46E63858CEAC}"
EndProject
Project("{9A19103F-16F7-4668-BE54-9A1E7A4F7556}") = "Measure.Services", "Measure.Services\Measure.Services.csproj", "{C4276AE3-0332-4BEE-AAF7-962F8996D986}"
EndProject
Project("{9A19103F-16F7-4668-BE54-9A1E7A4F7556}") = "Messages", "Messages\Messages.csproj", "{96CAA941-73B9-40CB-8367-AE5DA1D12B2C}"
EndProject
Project("{2150E333-8FDC-42A3-9474-1A3956D46DE8}") = "Tracking", "Tracking", "{8E6E8F63-B433-4B9B-AE35-74877709A0BA}"
EndProject
Project("{9A19103F-16F7-4668-BE54-9A1E7A4F7556}") = "Tracking.Api", "Tracking.Api\Tracking.Api.csproj", "{DA80994D-8C16-4D8F-831E-B5D2F3921702}"
EndProject
Project("{9A19103F-16F7-4668-BE54-9A1E7A4F7556}") = "Tracking.Data", "Tracking.Data\Tracking.Data.csproj", "{4776B008-8F5B-4B4E-B721-101532F98A1F}"
EndProject
Project("{9A19103F-16F7-4668-BE54-9A1E7A4F7556}") = "Tracking.Services", "Tracking.Services\Tracking.Services.csproj", "{339C11B6-ED71-4C23-8DF8-9536D73F4533}"
EndProject
Project("{FAE04EC0-301F-11D3-BF4B-00C04F79EFBC}") = "SubscriberHandler", "SubscriberHandler\SubscriberHandler.csproj", "{6F3536C2-E28A-4234-BDB5-6C7DE9CEA6FE}"
EndProject
Global
	GlobalSection(SolutionConfigurationPlatforms) = preSolution
		Debug|Any CPU = Debug|Any CPU
		Release|Any CPU = Release|Any CPU
	EndGlobalSection
	GlobalSection(ProjectConfigurationPlatforms) = postSolution
		{66D7640B-B0B6-40E8-8771-207AB64CC4DA}.Debug|Any CPU.ActiveCfg = Debug|Any CPU
		{66D7640B-B0B6-40E8-8771-207AB64CC4DA}.Debug|Any CPU.Build.0 = Debug|Any CPU
		{66D7640B-B0B6-40E8-8771-207AB64CC4DA}.Release|Any CPU.ActiveCfg = Release|Any CPU
		{66D7640B-B0B6-40E8-8771-207AB64CC4DA}.Release|Any CPU.Build.0 = Release|Any CPU
		{F847CC89-0F88-4533-A7FE-672F01C11136}.Debug|Any CPU.ActiveCfg = Debug|Any CPU
		{F847CC89-0F88-4533-A7FE-672F01C11136}.Debug|Any CPU.Build.0 = Debug|Any CPU
		{F847CC89-0F88-4533-A7FE-672F01C11136}.Release|Any CPU.ActiveCfg = Release|Any CPU
		{F847CC89-0F88-4533-A7FE-672F01C11136}.Release|Any CPU.Build.0 = Release|Any CPU
		{9AB70C06-BCD7-4AF9-B2E6-8B1855F30A5A}.Debug|Any CPU.ActiveCfg = Debug|Any CPU
		{9AB70C06-BCD7-4AF9-B2E6-8B1855F30A5A}.Debug|Any CPU.Build.0 = Debug|Any CPU
		{9AB70C06-BCD7-4AF9-B2E6-8B1855F30A5A}.Release|Any CPU.ActiveCfg = Release|Any CPU
		{9AB70C06-BCD7-4AF9-B2E6-8B1855F30A5A}.Release|Any CPU.Build.0 = Release|Any CPU
		{7AF050E4-53B5-4300-B84B-09B5F6022173}.Debug|Any CPU.ActiveCfg = Debug|Any CPU
		{7AF050E4-53B5-4300-B84B-09B5F6022173}.Debug|Any CPU.Build.0 = Debug|Any CPU
		{7AF050E4-53B5-4300-B84B-09B5F6022173}.Release|Any CPU.ActiveCfg = Release|Any CPU
		{7AF050E4-53B5-4300-B84B-09B5F6022173}.Release|Any CPU.Build.0 = Release|Any CPU
		{DB751DCD-0A0B-483C-AF8A-46E63858CEAC}.Debug|Any CPU.ActiveCfg = Debug|Any CPU
		{DB751DCD-0A0B-483C-AF8A-46E63858CEAC}.Debug|Any CPU.Build.0 = Debug|Any CPU
		{DB751DCD-0A0B-483C-AF8A-46E63858CEAC}.Release|Any CPU.ActiveCfg = Release|Any CPU
		{DB751DCD-0A0B-483C-AF8A-46E63858CEAC}.Release|Any CPU.Build.0 = Release|Any CPU
		{C4276AE3-0332-4BEE-AAF7-962F8996D986}.Debug|Any CPU.ActiveCfg = Debug|Any CPU
		{C4276AE3-0332-4BEE-AAF7-962F8996D986}.Debug|Any CPU.Build.0 = Debug|Any CPU
		{C4276AE3-0332-4BEE-AAF7-962F8996D986}.Release|Any CPU.ActiveCfg = Release|Any CPU
		{C4276AE3-0332-4BEE-AAF7-962F8996D986}.Release|Any CPU.Build.0 = Release|Any CPU
		{96CAA941-73B9-40CB-8367-AE5DA1D12B2C}.Debug|Any CPU.ActiveCfg = Debug|Any CPU
		{96CAA941-73B9-40CB-8367-AE5DA1D12B2C}.Debug|Any CPU.Build.0 = Debug|Any CPU
		{96CAA941-73B9-40CB-8367-AE5DA1D12B2C}.Release|Any CPU.ActiveCfg = Release|Any CPU
		{96CAA941-73B9-40CB-8367-AE5DA1D12B2C}.Release|Any CPU.Build.0 = Release|Any CPU
		{DA80994D-8C16-4D8F-831E-B5D2F3921702}.Debug|Any CPU.ActiveCfg = Debug|Any CPU
		{DA80994D-8C16-4D8F-831E-B5D2F3921702}.Debug|Any CPU.Build.0 = Debug|Any CPU
		{DA80994D-8C16-4D8F-831E-B5D2F3921702}.Release|Any CPU.ActiveCfg = Release|Any CPU
		{DA80994D-8C16-4D8F-831E-B5D2F3921702}.Release|Any CPU.Build.0 = Release|Any CPU
		{4776B008-8F5B-4B4E-B721-101532F98A1F}.Debug|Any CPU.ActiveCfg = Debug|Any CPU
		{4776B008-8F5B-4B4E-B721-101532F98A1F}.Debug|Any CPU.Build.0 = Debug|Any CPU
		{4776B008-8F5B-4B4E-B721-101532F98A1F}.Release|Any CPU.ActiveCfg = Release|Any CPU
		{4776B008-8F5B-4B4E-B721-101532F98A1F}.Release|Any CPU.Build.0 = Release|Any CPU
		{339C11B6-ED71-4C23-8DF8-9536D73F4533}.Debug|Any CPU.ActiveCfg = Debug|Any CPU
		{339C11B6-ED71-4C23-8DF8-9536D73F4533}.Debug|Any CPU.Build.0 = Debug|Any CPU
		{339C11B6-ED71-4C23-8DF8-9536D73F4533}.Release|Any CPU.ActiveCfg = Release|Any CPU
		{339C11B6-ED71-4C23-8DF8-9536D73F4533}.Release|Any CPU.Build.0 = Release|Any CPU
		{6F3536C2-E28A-4234-BDB5-6C7DE9CEA6FE}.Debug|Any CPU.ActiveCfg = Debug|Any CPU
		{6F3536C2-E28A-4234-BDB5-6C7DE9CEA6FE}.Debug|Any CPU.Build.0 = Debug|Any CPU
		{6F3536C2-E28A-4234-BDB5-6C7DE9CEA6FE}.Release|Any CPU.ActiveCfg = Release|Any CPU
		{6F3536C2-E28A-4234-BDB5-6C7DE9CEA6FE}.Release|Any CPU.Build.0 = Release|Any CPU
	EndGlobalSection
	GlobalSection(SolutionProperties) = preSolution
		HideSolutionNode = FALSE
	EndGlobalSection
	GlobalSection(NestedProjects) = preSolution
		{66D7640B-B0B6-40E8-8771-207AB64CC4DA} = {B94BE88F-9334-49F4-B496-0A0348F35BC9}
		{F847CC89-0F88-4533-A7FE-672F01C11136} = {B94BE88F-9334-49F4-B496-0A0348F35BC9}
		{9AB70C06-BCD7-4AF9-B2E6-8B1855F30A5A} = {B94BE88F-9334-49F4-B496-0A0348F35BC9}
		{7AF050E4-53B5-4300-B84B-09B5F6022173} = {B594B0BC-98C4-4140-A9A1-E9314D8DA271}
		{DB751DCD-0A0B-483C-AF8A-46E63858CEAC} = {B594B0BC-98C4-4140-A9A1-E9314D8DA271}
		{C4276AE3-0332-4BEE-AAF7-962F8996D986} = {B594B0BC-98C4-4140-A9A1-E9314D8DA271}
		{DA80994D-8C16-4D8F-831E-B5D2F3921702} = {8E6E8F63-B433-4B9B-AE35-74877709A0BA}
		{4776B008-8F5B-4B4E-B721-101532F98A1F} = {8E6E8F63-B433-4B9B-AE35-74877709A0BA}
		{339C11B6-ED71-4C23-8DF8-9536D73F4533} = {8E6E8F63-B433-4B9B-AE35-74877709A0BA}
		{6F3536C2-E28A-4234-BDB5-6C7DE9CEA6FE} = {B94BE88F-9334-49F4-B496-0A0348F35BC9}
	EndGlobalSection
	GlobalSection(ExtensibilityGlobals) = postSolution
		SolutionGuid = {B02C45A0-1FE3-43EF-B135-E646262E2075}
	EndGlobalSection
EndGlobal
